// !$*UTF8*$!
{
	archiveVersion = 1;
	classes = {
	};
	objectVersion = 46;
	objects = {

/* Begin PBXBuildFile section */
		01332D881AC37F4B0054E05C /* TitleCell.swift in Sources */ = {isa = PBXBuildFile; fileRef = 01332D871AC37F4B0054E05C /* TitleCell.swift */; };
		015E0D5B1AEF27BB00299B29 /* CommentsViewController.swift in Sources */ = {isa = PBXBuildFile; fileRef = 015E0D5A1AEF27BB00299B29 /* CommentsViewController.swift */; };
		015E0D5D1AEF2B4000299B29 /* CommentCell.swift in Sources */ = {isa = PBXBuildFile; fileRef = 015E0D5C1AEF2B4000299B29 /* CommentCell.swift */; };
		018E40221AC38A060055384D /* LinkViewController.swift in Sources */ = {isa = PBXBuildFile; fileRef = 018E40211AC38A060055384D /* LinkViewController.swift */; };
		018E40241AC392700055384D /* LoginViewController.swift in Sources */ = {isa = PBXBuildFile; fileRef = 018E40231AC392700055384D /* LoginViewController.swift */; };
		018E40261AC395D30055384D /* UserSession.swift in Sources */ = {isa = PBXBuildFile; fileRef = 018E40251AC395D30055384D /* UserSession.swift */; };
		018E40281AC39C1C0055384D /* User+Helpers.swift in Sources */ = {isa = PBXBuildFile; fileRef = 018E40271AC39C1C0055384D /* User+Helpers.swift */; };
		0195D6BC1AF31C5B004FA3EC /* UserInfoCell.swift in Sources */ = {isa = PBXBuildFile; fileRef = 0195D6BB1AF31C5B004FA3EC /* UserInfoCell.swift */; };
		0195D6BE1AF31CE1004FA3EC /* ProfileViewController.swift in Sources */ = {isa = PBXBuildFile; fileRef = 0195D6BD1AF31CE1004FA3EC /* ProfileViewController.swift */; };
		01D6646A1AC337BC00BE56EA /* Subreddit+Helper.swift in Sources */ = {isa = PBXBuildFile; fileRef = 01D664691AC337BC00BE56EA /* Subreddit+Helper.swift */; };
		01D6646E1AC33C6600BE56EA /* SubredditsViewController.swift in Sources */ = {isa = PBXBuildFile; fileRef = 01D6646D1AC33C6600BE56EA /* SubredditsViewController.swift */; };
		01D664721AC33D9100BE56EA /* UIImageView+Helpers.swift in Sources */ = {isa = PBXBuildFile; fileRef = 01D664711AC33D9100BE56EA /* UIImageView+Helpers.swift */; };
		01E39F431AF5271200C544EA /* AccountsViewController.swift in Sources */ = {isa = PBXBuildFile; fileRef = 01E39F421AF5271200C544EA /* AccountsViewController.swift */; };
		01E39F451AF52E9900C544EA /* User.swift in Sources */ = {isa = PBXBuildFile; fileRef = 01E39F441AF52E9900C544EA /* User.swift */; };
		01F07F4D1AFC573500EBE0B8 /* OCExpandableButton.m in Sources */ = {isa = PBXBuildFile; fileRef = 01F07F4C1AFC573500EBE0B8 /* OCExpandableButton.m */; };
		01F9654D1AC4F12000DE0CD6 /* MessagesViewController.swift in Sources */ = {isa = PBXBuildFile; fileRef = 01F9654C1AC4F12000DE0CD6 /* MessagesViewController.swift */; };
		01F965531AC4F4B500DE0CD6 /* MessageCell.swift in Sources */ = {isa = PBXBuildFile; fileRef = 01F965521AC4F4B500DE0CD6 /* MessageCell.swift */; };
		01F965551AC4FB4E00DE0CD6 /* Message.swift in Sources */ = {isa = PBXBuildFile; fileRef = 01F965541AC4FB4E00DE0CD6 /* Message.swift */; };
		01F965571AC4FB9200DE0CD6 /* Message+Helpers.swift in Sources */ = {isa = PBXBuildFile; fileRef = 01F965561AC4FB9200DE0CD6 /* Message+Helpers.swift */; };
		051E172AEF0DB37075537CBF /* libPods-MyReddit.a in Frameworks */ = {isa = PBXBuildFile; fileRef = 0018383D0F6A87E32BDC681A /* libPods-MyReddit.a */; };
		CE046EC91AC3521100DF59B4 /* PostImageCell.swift in Sources */ = {isa = PBXBuildFile; fileRef = CE046EC81AC3521100DF59B4 /* PostImageCell.swift */; };
		CE046ECD1AC3587900DF59B4 /* Subreddit.swift in Sources */ = {isa = PBXBuildFile; fileRef = CE046ECC1AC3587900DF59B4 /* Subreddit.swift */; };
		CE046ECF1AC421EF00DF59B4 /* Int+Helpers.swift in Sources */ = {isa = PBXBuildFile; fileRef = CE046ECE1AC421EF00DF59B4 /* Int+Helpers.swift */; };
		CE046ED11AC4247500DF59B4 /* PostCell.swift in Sources */ = {isa = PBXBuildFile; fileRef = CE046ED01AC4247500DF59B4 /* PostCell.swift */; };
		CE046ED31AC4336500DF59B4 /* String+Helpers.swift in Sources */ = {isa = PBXBuildFile; fileRef = CE046ED21AC4336500DF59B4 /* String+Helpers.swift */; };
		CE0862141AF27DD300F00AAB /* StoreKit.framework in Frameworks */ = {isa = PBXBuildFile; fileRef = CE0862131AF27DD300F00AAB /* StoreKit.framework */; };
		CE25FBA01AF8438600A40C3B /* ComposeTableViewController.swift in Sources */ = {isa = PBXBuildFile; fileRef = CE25FB9F1AF8438600A40C3B /* ComposeTableViewController.swift */; };
		CE25FBD01AF93E0600A40C3B /* RKLink+Helpers.swift in Sources */ = {isa = PBXBuildFile; fileRef = CE25FBCF1AF93E0600A40C3B /* RKLink+Helpers.swift */; };
		CE25FBD21AF9411A00A40C3B /* PostTableViewController.swift in Sources */ = {isa = PBXBuildFile; fileRef = CE25FBD11AF9411A00A40C3B /* PostTableViewController.swift */; };
		CE25FBD41AF9483D00A40C3B /* LinkCell.swift in Sources */ = {isa = PBXBuildFile; fileRef = CE25FBD31AF9483D00A40C3B /* LinkCell.swift */; };
		CE25FBD61AF9484400A40C3B /* PostTitleCell.swift in Sources */ = {isa = PBXBuildFile; fileRef = CE25FBD51AF9484400A40C3B /* PostTitleCell.swift */; };
		CE25FBD81AF9484D00A40C3B /* PostSubredditCell.swift in Sources */ = {isa = PBXBuildFile; fileRef = CE25FBD71AF9484D00A40C3B /* PostSubredditCell.swift */; };
		CE25FBDA1AF9485900A40C3B /* PostTextCell.swift in Sources */ = {isa = PBXBuildFile; fileRef = CE25FBD91AF9485900A40C3B /* PostTextCell.swift */; };
		CE25FBDC1AF94D1900A40C3B /* PostTypeCell.swift in Sources */ = {isa = PBXBuildFile; fileRef = CE25FBDB1AF94D1900A40C3B /* PostTypeCell.swift */; };
		CE25FBDE1AF9667000A40C3B /* UITableViewCell+Helpers.swift in Sources */ = {isa = PBXBuildFile; fileRef = CE25FBDD1AF9667000A40C3B /* UITableViewCell+Helpers.swift */; };
		CE35881E1AC305E700294684 /* RedditSession.swift in Sources */ = {isa = PBXBuildFile; fileRef = CE35881D1AC305E700294684 /* RedditSession.swift */; };
		CE3588201AC30DEE00294684 /* SubredditViewController.swift in Sources */ = {isa = PBXBuildFile; fileRef = CE35881F1AC30DEE00294684 /* SubredditViewController.swift */; };
		CE3588221AC346D800294684 /* SubredditCell.swift in Sources */ = {isa = PBXBuildFile; fileRef = CE3588211AC346D800294684 /* SubredditCell.swift */; };
		CE3588241AC34C2200294684 /* Link+Helpers.swift in Sources */ = {isa = PBXBuildFile; fileRef = CE3588231AC34C2200294684 /* Link+Helpers.swift */; };
		CE41E5DC1AC70BDB00D963BE /* Link.swift in Sources */ = {isa = PBXBuildFile; fileRef = CE41E5DB1AC70BDB00D963BE /* Link.swift */; };
		CE4B9E971AE1858C00018742 /* NavBarController.swift in Sources */ = {isa = PBXBuildFile; fileRef = CE4B9E961AE1858C00018742 /* NavBarController.swift */; };
		CE4B9E9C1AE1957200018742 /* UIImage+ImageEffects.m in Sources */ = {isa = PBXBuildFile; fileRef = CE4B9E9B1AE1957200018742 /* UIImage+ImageEffects.m */; };
		CE538FAA1AF3B02E008050B6 /* UserContentViewController.swift in Sources */ = {isa = PBXBuildFile; fileRef = CE538FA91AF3B02E008050B6 /* UserContentViewController.swift */; };
		CE538FAC1AF3E850008050B6 /* SearchViewController.swift in Sources */ = {isa = PBXBuildFile; fileRef = CE538FAB1AF3E850008050B6 /* SearchViewController.swift */; };
		CE538FAE1AF3F19B008050B6 /* RKClient+Search.swift in Sources */ = {isa = PBXBuildFile; fileRef = CE538FAD1AF3F19B008050B6 /* RKClient+Search.swift */; };
		CE712EE11AC2F1A20042B071 /* AppDelegate.swift in Sources */ = {isa = PBXBuildFile; fileRef = CE712EE01AC2F1A20042B071 /* AppDelegate.swift */; };
		CE712EE81AC2F1A20042B071 /* Main.storyboard in Resources */ = {isa = PBXBuildFile; fileRef = CE712EE61AC2F1A20042B071 /* Main.storyboard */; };
		CE712EEA1AC2F1A20042B071 /* Images.xcassets in Resources */ = {isa = PBXBuildFile; fileRef = CE712EE91AC2F1A20042B071 /* Images.xcassets */; };
		CE712EED1AC2F1A20042B071 /* LaunchScreen.xib in Resources */ = {isa = PBXBuildFile; fileRef = CE712EEB1AC2F1A20042B071 /* LaunchScreen.xib */; };
		CE712EF91AC2F1A20042B071 /* MyRedditTests.swift in Sources */ = {isa = PBXBuildFile; fileRef = CE712EF81AC2F1A20042B071 /* MyRedditTests.swift */; };
		CE712F041AC2F7090042B071 /* DataManager.swift in Sources */ = {isa = PBXBuildFile; fileRef = CE712F021AC2F7090042B071 /* DataManager.swift */; };
		CE712F051AC2F7090042B071 /* Datastore.swift in Sources */ = {isa = PBXBuildFile; fileRef = CE712F031AC2F7090042B071 /* Datastore.swift */; };
		CE712F081AC2F7200042B071 /* MyReddit.xcdatamodeld in Sources */ = {isa = PBXBuildFile; fileRef = CE712F061AC2F7200042B071 /* MyReddit.xcdatamodeld */; };
		CE712F1F1AC303A50042B071 /* Media.swift in Sources */ = {isa = PBXBuildFile; fileRef = CE712F1E1AC303A50042B071 /* Media.swift */; };
		CE712F231AC303A60042B071 /* MultiReddit.swift in Sources */ = {isa = PBXBuildFile; fileRef = CE712F221AC303A60042B071 /* MultiReddit.swift */; };
		CE712F271AC304610042B071 /* Comment.swift in Sources */ = {isa = PBXBuildFile; fileRef = CE712F261AC304610042B071 /* Comment.swift */; };
		CE73F2451AFBD1B70094DCB8 /* SNTextView.m in Sources */ = {isa = PBXBuildFile; fileRef = CE73F2441AFBD1B70094DCB8 /* SNTextView.m */; };
		CE73F2471AFBDC170094DCB8 /* UILabel+Helpers.swift in Sources */ = {isa = PBXBuildFile; fileRef = CE73F2461AFBDC170094DCB8 /* UILabel+Helpers.swift */; };
		CE769F271AF5A6CB00031657 /* SettingsTableViewController.swift in Sources */ = {isa = PBXBuildFile; fileRef = CE769F261AF5A6CB00031657 /* SettingsTableViewController.swift */; };
		CE769F291AF5A8BA00031657 /* SettingsManager.swift in Sources */ = {isa = PBXBuildFile; fileRef = CE769F281AF5A8BA00031657 /* SettingsManager.swift */; };
		CE769F2B1AF6A17000031657 /* FrontCell.swift in Sources */ = {isa = PBXBuildFile; fileRef = CE769F2A1AF6A17000031657 /* FrontCell.swift */; };
		CE769F2D1AF6BCC300031657 /* InboxesTableViewController.swift in Sources */ = {isa = PBXBuildFile; fileRef = CE769F2C1AF6BCC300031657 /* InboxesTableViewController.swift */; };
		CE769F2F1AF6F19100031657 /* MultiRedditsViewController.swift in Sources */ = {isa = PBXBuildFile; fileRef = CE769F2E1AF6F19100031657 /* MultiRedditsViewController.swift */; };
		CE769F311AF6F64800031657 /* UIAlertController+Helpers.swift in Sources */ = {isa = PBXBuildFile; fileRef = CE769F301AF6F64800031657 /* UIAlertController+Helpers.swift */; };
		CE8F25E31AFAB8EA001C78B7 /* UINavigationBar+Helpers.swift in Sources */ = {isa = PBXBuildFile; fileRef = CE8F25E21AFAB8EA001C78B7 /* UINavigationBar+Helpers.swift */; };
		CEA3E2FE1AFAE635008323A6 /* ImageViewController.swift in Sources */ = {isa = PBXBuildFile; fileRef = CEA3E2FC1AFAE634008323A6 /* ImageViewController.swift */; };
		CEA3E3001AFAE65B008323A6 /* GalleryController.swift in Sources */ = {isa = PBXBuildFile; fileRef = CEA3E2FF1AFAE65B008323A6 /* GalleryController.swift */; };
		CEAC71BD1AF14856006DC831 /* LoadMoreHeader.swift in Sources */ = {isa = PBXBuildFile; fileRef = CEAC71BC1AF14856006DC831 /* LoadMoreHeader.swift */; };
		CEB866121AF01FC200BE850F /* WebViewController.swift in Sources */ = {isa = PBXBuildFile; fileRef = CEB866111AF01FC200BE850F /* WebViewController.swift */; };
		CEB866141AF05DDF00BE850F /* SubredditsPageViewController.swift in Sources */ = {isa = PBXBuildFile; fileRef = CEB866131AF05DDF00BE850F /* SubredditsPageViewController.swift */; };
		CEC59EAC1AF1B0B600D0D62B /* AddCommentViewController.swift in Sources */ = {isa = PBXBuildFile; fileRef = CEC59EAB1AF1B0B600D0D62B /* AddCommentViewController.swift */; };
		CEC59EAE1AF25AFF00D0D62B /* PurchaseViewController.swift in Sources */ = {isa = PBXBuildFile; fileRef = CEC59EAD1AF25AFF00D0D62B /* PurchaseViewController.swift */; };
		CEC59EB01AF2628800D0D62B /* EmailCell.swift in Sources */ = {isa = PBXBuildFile; fileRef = CEC59EAF1AF2628800D0D62B /* EmailCell.swift */; };
		CEC59EB21AF2629100D0D62B /* PasswordCell.swift in Sources */ = {isa = PBXBuildFile; fileRef = CEC59EB11AF2629100D0D62B /* PasswordCell.swift */; };
		CEC5DE751AF2A66F002012DC /* GHContextMenuView.m in Sources */ = {isa = PBXBuildFile; fileRef = CEC5DE741AF2A66F002012DC /* GHContextMenuView.m */; };
		CEF4E2601AF2B508001CFB69 /* JZSwipeCell+Reset.swift in Sources */ = {isa = PBXBuildFile; fileRef = CEF4E25F1AF2B508001CFB69 /* JZSwipeCell+Reset.swift */; };
		CEF88E0D1AFCEE0B00AF8B87 /* UIimage+Helpers.swift in Sources */ = {isa = PBXBuildFile; fileRef = CEF88E0C1AFCEE0B00AF8B87 /* UIimage+Helpers.swift */; };
		CEF88E0F1AFD036D00AF8B87 /* LinkShareOptionsViewController.swift in Sources */ = {isa = PBXBuildFile; fileRef = CEF88E0E1AFD036D00AF8B87 /* LinkShareOptionsViewController.swift */; };
/* End PBXBuildFile section */

/* Begin PBXContainerItemProxy section */
		CE712EF31AC2F1A20042B071 /* PBXContainerItemProxy */ = {
			isa = PBXContainerItemProxy;
			containerPortal = CE712ED31AC2F1A10042B071 /* Project object */;
			proxyType = 1;
			remoteGlobalIDString = CE712EDA1AC2F1A20042B071;
			remoteInfo = MyReddit;
		};
/* End PBXContainerItemProxy section */

/* Begin PBXFileReference section */
		0018383D0F6A87E32BDC681A /* libPods-MyReddit.a */ = {isa = PBXFileReference; explicitFileType = archive.ar; includeInIndex = 0; path = "libPods-MyReddit.a"; sourceTree = BUILT_PRODUCTS_DIR; };
		01332D871AC37F4B0054E05C /* TitleCell.swift */ = {isa = PBXFileReference; fileEncoding = 4; lastKnownFileType = sourcecode.swift; path = TitleCell.swift; sourceTree = "<group>"; };
		015E0D5A1AEF27BB00299B29 /* CommentsViewController.swift */ = {isa = PBXFileReference; fileEncoding = 4; lastKnownFileType = sourcecode.swift; path = CommentsViewController.swift; sourceTree = "<group>"; };
		015E0D5C1AEF2B4000299B29 /* CommentCell.swift */ = {isa = PBXFileReference; fileEncoding = 4; lastKnownFileType = sourcecode.swift; path = CommentCell.swift; sourceTree = "<group>"; };
		018E40211AC38A060055384D /* LinkViewController.swift */ = {isa = PBXFileReference; fileEncoding = 4; lastKnownFileType = sourcecode.swift; path = LinkViewController.swift; sourceTree = "<group>"; };
		018E40231AC392700055384D /* LoginViewController.swift */ = {isa = PBXFileReference; fileEncoding = 4; lastKnownFileType = sourcecode.swift; path = LoginViewController.swift; sourceTree = "<group>"; };
		018E40251AC395D30055384D /* UserSession.swift */ = {isa = PBXFileReference; fileEncoding = 4; lastKnownFileType = sourcecode.swift; path = UserSession.swift; sourceTree = "<group>"; };
		018E40271AC39C1C0055384D /* User+Helpers.swift */ = {isa = PBXFileReference; fileEncoding = 4; lastKnownFileType = sourcecode.swift; path = "User+Helpers.swift"; sourceTree = "<group>"; };
		0195D6BB1AF31C5B004FA3EC /* UserInfoCell.swift */ = {isa = PBXFileReference; fileEncoding = 4; lastKnownFileType = sourcecode.swift; path = UserInfoCell.swift; sourceTree = "<group>"; };
		0195D6BD1AF31CE1004FA3EC /* ProfileViewController.swift */ = {isa = PBXFileReference; fileEncoding = 4; lastKnownFileType = sourcecode.swift; path = ProfileViewController.swift; sourceTree = "<group>"; };
		01D664691AC337BC00BE56EA /* Subreddit+Helper.swift */ = {isa = PBXFileReference; fileEncoding = 4; lastKnownFileType = sourcecode.swift; path = "Subreddit+Helper.swift"; sourceTree = "<group>"; };
		01D6646D1AC33C6600BE56EA /* SubredditsViewController.swift */ = {isa = PBXFileReference; fileEncoding = 4; lastKnownFileType = sourcecode.swift; path = SubredditsViewController.swift; sourceTree = "<group>"; };
		01D664711AC33D9100BE56EA /* UIImageView+Helpers.swift */ = {isa = PBXFileReference; fileEncoding = 4; lastKnownFileType = sourcecode.swift; path = "UIImageView+Helpers.swift"; sourceTree = "<group>"; };
		01E39F421AF5271200C544EA /* AccountsViewController.swift */ = {isa = PBXFileReference; fileEncoding = 4; lastKnownFileType = sourcecode.swift; path = AccountsViewController.swift; sourceTree = "<group>"; };
		01E39F441AF52E9900C544EA /* User.swift */ = {isa = PBXFileReference; fileEncoding = 4; lastKnownFileType = sourcecode.swift; path = User.swift; sourceTree = "<group>"; };
		01F07F4B1AFC573500EBE0B8 /* OCExpandableButton.h */ = {isa = PBXFileReference; fileEncoding = 4; lastKnownFileType = sourcecode.c.h; path = OCExpandableButton.h; sourceTree = "<group>"; };
		01F07F4C1AFC573500EBE0B8 /* OCExpandableButton.m */ = {isa = PBXFileReference; fileEncoding = 4; lastKnownFileType = sourcecode.c.objc; path = OCExpandableButton.m; sourceTree = "<group>"; };
		01F9654C1AC4F12000DE0CD6 /* MessagesViewController.swift */ = {isa = PBXFileReference; fileEncoding = 4; lastKnownFileType = sourcecode.swift; path = MessagesViewController.swift; sourceTree = "<group>"; };
		01F965521AC4F4B500DE0CD6 /* MessageCell.swift */ = {isa = PBXFileReference; fileEncoding = 4; lastKnownFileType = sourcecode.swift; path = MessageCell.swift; sourceTree = "<group>"; };
		01F965541AC4FB4E00DE0CD6 /* Message.swift */ = {isa = PBXFileReference; fileEncoding = 4; lastKnownFileType = sourcecode.swift; name = Message.swift; path = ../Message.swift; sourceTree = "<group>"; };
		01F965561AC4FB9200DE0CD6 /* Message+Helpers.swift */ = {isa = PBXFileReference; fileEncoding = 4; lastKnownFileType = sourcecode.swift; path = "Message+Helpers.swift"; sourceTree = "<group>"; };
		15EC45AB568566F68E59569F /* Pods-MyReddit.release.xcconfig */ = {isa = PBXFileReference; includeInIndex = 1; lastKnownFileType = text.xcconfig; name = "Pods-MyReddit.release.xcconfig"; path = "Pods/Target Support Files/Pods-MyReddit/Pods-MyReddit.release.xcconfig"; sourceTree = "<group>"; };
		7047AFFBDD6CBEEDDCA19D07 /* Pods-MyReddit.debug.xcconfig */ = {isa = PBXFileReference; includeInIndex = 1; lastKnownFileType = text.xcconfig; name = "Pods-MyReddit.debug.xcconfig"; path = "Pods/Target Support Files/Pods-MyReddit/Pods-MyReddit.debug.xcconfig"; sourceTree = "<group>"; };
		CE046EC81AC3521100DF59B4 /* PostImageCell.swift */ = {isa = PBXFileReference; fileEncoding = 4; lastKnownFileType = sourcecode.swift; path = PostImageCell.swift; sourceTree = "<group>"; };
		CE046ECC1AC3587900DF59B4 /* Subreddit.swift */ = {isa = PBXFileReference; fileEncoding = 4; lastKnownFileType = sourcecode.swift; path = Subreddit.swift; sourceTree = "<group>"; };
		CE046ECE1AC421EF00DF59B4 /* Int+Helpers.swift */ = {isa = PBXFileReference; fileEncoding = 4; lastKnownFileType = sourcecode.swift; path = "Int+Helpers.swift"; sourceTree = "<group>"; };
		CE046ED01AC4247500DF59B4 /* PostCell.swift */ = {isa = PBXFileReference; fileEncoding = 4; lastKnownFileType = sourcecode.swift; path = PostCell.swift; sourceTree = "<group>"; };
		CE046ED21AC4336500DF59B4 /* String+Helpers.swift */ = {isa = PBXFileReference; fileEncoding = 4; lastKnownFileType = sourcecode.swift; path = "String+Helpers.swift"; sourceTree = "<group>"; };
		CE0862131AF27DD300F00AAB /* StoreKit.framework */ = {isa = PBXFileReference; lastKnownFileType = wrapper.framework; name = StoreKit.framework; path = System/Library/Frameworks/StoreKit.framework; sourceTree = SDKROOT; };
		CE25FB9F1AF8438600A40C3B /* ComposeTableViewController.swift */ = {isa = PBXFileReference; fileEncoding = 4; lastKnownFileType = sourcecode.swift; path = ComposeTableViewController.swift; sourceTree = "<group>"; };
		CE25FBCF1AF93E0600A40C3B /* RKLink+Helpers.swift */ = {isa = PBXFileReference; fileEncoding = 4; lastKnownFileType = sourcecode.swift; path = "RKLink+Helpers.swift"; sourceTree = "<group>"; };
		CE25FBD11AF9411A00A40C3B /* PostTableViewController.swift */ = {isa = PBXFileReference; fileEncoding = 4; lastKnownFileType = sourcecode.swift; path = PostTableViewController.swift; sourceTree = "<group>"; };
		CE25FBD31AF9483D00A40C3B /* LinkCell.swift */ = {isa = PBXFileReference; fileEncoding = 4; lastKnownFileType = sourcecode.swift; path = LinkCell.swift; sourceTree = "<group>"; };
		CE25FBD51AF9484400A40C3B /* PostTitleCell.swift */ = {isa = PBXFileReference; fileEncoding = 4; lastKnownFileType = sourcecode.swift; path = PostTitleCell.swift; sourceTree = "<group>"; };
		CE25FBD71AF9484D00A40C3B /* PostSubredditCell.swift */ = {isa = PBXFileReference; fileEncoding = 4; lastKnownFileType = sourcecode.swift; path = PostSubredditCell.swift; sourceTree = "<group>"; };
		CE25FBD91AF9485900A40C3B /* PostTextCell.swift */ = {isa = PBXFileReference; fileEncoding = 4; lastKnownFileType = sourcecode.swift; path = PostTextCell.swift; sourceTree = "<group>"; };
		CE25FBDB1AF94D1900A40C3B /* PostTypeCell.swift */ = {isa = PBXFileReference; fileEncoding = 4; lastKnownFileType = sourcecode.swift; path = PostTypeCell.swift; sourceTree = "<group>"; };
		CE25FBDD1AF9667000A40C3B /* UITableViewCell+Helpers.swift */ = {isa = PBXFileReference; fileEncoding = 4; lastKnownFileType = sourcecode.swift; path = "UITableViewCell+Helpers.swift"; sourceTree = "<group>"; };
		CE3588191AC305B200294684 /* MyReddit-Bridging-Header.h */ = {isa = PBXFileReference; lastKnownFileType = sourcecode.c.h; path = "MyReddit-Bridging-Header.h"; sourceTree = "<group>"; };
		CE35881D1AC305E700294684 /* RedditSession.swift */ = {isa = PBXFileReference; fileEncoding = 4; lastKnownFileType = sourcecode.swift; path = RedditSession.swift; sourceTree = "<group>"; };
		CE35881F1AC30DEE00294684 /* SubredditViewController.swift */ = {isa = PBXFileReference; fileEncoding = 4; lastKnownFileType = sourcecode.swift; path = SubredditViewController.swift; sourceTree = "<group>"; };
		CE3588211AC346D800294684 /* SubredditCell.swift */ = {isa = PBXFileReference; fileEncoding = 4; lastKnownFileType = sourcecode.swift; path = SubredditCell.swift; sourceTree = "<group>"; };
		CE3588231AC34C2200294684 /* Link+Helpers.swift */ = {isa = PBXFileReference; fileEncoding = 4; lastKnownFileType = sourcecode.swift; path = "Link+Helpers.swift"; sourceTree = "<group>"; };
		CE41E5DB1AC70BDB00D963BE /* Link.swift */ = {isa = PBXFileReference; fileEncoding = 4; lastKnownFileType = sourcecode.swift; path = Link.swift; sourceTree = "<group>"; };
		CE4B9E961AE1858C00018742 /* NavBarController.swift */ = {isa = PBXFileReference; fileEncoding = 4; lastKnownFileType = sourcecode.swift; path = NavBarController.swift; sourceTree = "<group>"; };
		CE4B9E9A1AE1957200018742 /* UIImage+ImageEffects.h */ = {isa = PBXFileReference; fileEncoding = 4; lastKnownFileType = sourcecode.c.h; path = "UIImage+ImageEffects.h"; sourceTree = "<group>"; };
		CE4B9E9B1AE1957200018742 /* UIImage+ImageEffects.m */ = {isa = PBXFileReference; fileEncoding = 4; lastKnownFileType = sourcecode.c.objc; path = "UIImage+ImageEffects.m"; sourceTree = "<group>"; };
		CE538FA91AF3B02E008050B6 /* UserContentViewController.swift */ = {isa = PBXFileReference; fileEncoding = 4; lastKnownFileType = sourcecode.swift; path = UserContentViewController.swift; sourceTree = "<group>"; };
		CE538FAB1AF3E850008050B6 /* SearchViewController.swift */ = {isa = PBXFileReference; fileEncoding = 4; lastKnownFileType = sourcecode.swift; path = SearchViewController.swift; sourceTree = "<group>"; };
		CE538FAD1AF3F19B008050B6 /* RKClient+Search.swift */ = {isa = PBXFileReference; fileEncoding = 4; lastKnownFileType = sourcecode.swift; path = "RKClient+Search.swift"; sourceTree = "<group>"; };
		CE712EDB1AC2F1A20042B071 /* MyReddit.app */ = {isa = PBXFileReference; explicitFileType = wrapper.application; includeInIndex = 0; path = MyReddit.app; sourceTree = BUILT_PRODUCTS_DIR; };
		CE712EDF1AC2F1A20042B071 /* Info.plist */ = {isa = PBXFileReference; lastKnownFileType = text.plist.xml; path = Info.plist; sourceTree = "<group>"; };
		CE712EE01AC2F1A20042B071 /* AppDelegate.swift */ = {isa = PBXFileReference; lastKnownFileType = sourcecode.swift; path = AppDelegate.swift; sourceTree = "<group>"; };
		CE712EE71AC2F1A20042B071 /* Base */ = {isa = PBXFileReference; lastKnownFileType = file.storyboard; name = Base; path = Base.lproj/Main.storyboard; sourceTree = "<group>"; };
		CE712EE91AC2F1A20042B071 /* Images.xcassets */ = {isa = PBXFileReference; lastKnownFileType = folder.assetcatalog; path = Images.xcassets; sourceTree = "<group>"; };
		CE712EEC1AC2F1A20042B071 /* Base */ = {isa = PBXFileReference; lastKnownFileType = file.xib; name = Base; path = Base.lproj/LaunchScreen.xib; sourceTree = "<group>"; };
		CE712EF21AC2F1A20042B071 /* MyRedditTests.xctest */ = {isa = PBXFileReference; explicitFileType = wrapper.cfbundle; includeInIndex = 0; path = MyRedditTests.xctest; sourceTree = BUILT_PRODUCTS_DIR; };
		CE712EF71AC2F1A20042B071 /* Info.plist */ = {isa = PBXFileReference; lastKnownFileType = text.plist.xml; path = Info.plist; sourceTree = "<group>"; };
		CE712EF81AC2F1A20042B071 /* MyRedditTests.swift */ = {isa = PBXFileReference; lastKnownFileType = sourcecode.swift; path = MyRedditTests.swift; sourceTree = "<group>"; };
		CE712F021AC2F7090042B071 /* DataManager.swift */ = {isa = PBXFileReference; fileEncoding = 4; lastKnownFileType = sourcecode.swift; path = DataManager.swift; sourceTree = "<group>"; };
		CE712F031AC2F7090042B071 /* Datastore.swift */ = {isa = PBXFileReference; fileEncoding = 4; lastKnownFileType = sourcecode.swift; path = Datastore.swift; sourceTree = "<group>"; };
		CE712F071AC2F7200042B071 /* MyReddit.xcdatamodel */ = {isa = PBXFileReference; lastKnownFileType = wrapper.xcdatamodel; path = MyReddit.xcdatamodel; sourceTree = "<group>"; };
		CE712F1E1AC303A50042B071 /* Media.swift */ = {isa = PBXFileReference; fileEncoding = 4; lastKnownFileType = sourcecode.swift; path = Media.swift; sourceTree = "<group>"; };
		CE712F221AC303A60042B071 /* MultiReddit.swift */ = {isa = PBXFileReference; fileEncoding = 4; lastKnownFileType = sourcecode.swift; path = MultiReddit.swift; sourceTree = "<group>"; };
		CE712F261AC304610042B071 /* Comment.swift */ = {isa = PBXFileReference; fileEncoding = 4; lastKnownFileType = sourcecode.swift; name = Comment.swift; path = ../../Comment.swift; sourceTree = "<group>"; };
		CE73F2431AFBD1B70094DCB8 /* SNTextView.h */ = {isa = PBXFileReference; fileEncoding = 4; lastKnownFileType = sourcecode.c.h; path = SNTextView.h; sourceTree = "<group>"; };
		CE73F2441AFBD1B70094DCB8 /* SNTextView.m */ = {isa = PBXFileReference; fileEncoding = 4; lastKnownFileType = sourcecode.c.objc; path = SNTextView.m; sourceTree = "<group>"; };
		CE73F2461AFBDC170094DCB8 /* UILabel+Helpers.swift */ = {isa = PBXFileReference; fileEncoding = 4; lastKnownFileType = sourcecode.swift; path = "UILabel+Helpers.swift"; sourceTree = "<group>"; };
		CE769F261AF5A6CB00031657 /* SettingsTableViewController.swift */ = {isa = PBXFileReference; fileEncoding = 4; lastKnownFileType = sourcecode.swift; path = SettingsTableViewController.swift; sourceTree = "<group>"; };
		CE769F281AF5A8BA00031657 /* SettingsManager.swift */ = {isa = PBXFileReference; fileEncoding = 4; lastKnownFileType = sourcecode.swift; path = SettingsManager.swift; sourceTree = "<group>"; };
		CE769F2A1AF6A17000031657 /* FrontCell.swift */ = {isa = PBXFileReference; fileEncoding = 4; lastKnownFileType = sourcecode.swift; path = FrontCell.swift; sourceTree = "<group>"; };
		CE769F2C1AF6BCC300031657 /* InboxesTableViewController.swift */ = {isa = PBXFileReference; fileEncoding = 4; lastKnownFileType = sourcecode.swift; path = InboxesTableViewController.swift; sourceTree = "<group>"; };
		CE769F2E1AF6F19100031657 /* MultiRedditsViewController.swift */ = {isa = PBXFileReference; fileEncoding = 4; lastKnownFileType = sourcecode.swift; path = MultiRedditsViewController.swift; sourceTree = "<group>"; };
		CE769F301AF6F64800031657 /* UIAlertController+Helpers.swift */ = {isa = PBXFileReference; fileEncoding = 4; lastKnownFileType = sourcecode.swift; path = "UIAlertController+Helpers.swift"; sourceTree = "<group>"; };
		CE8F25E21AFAB8EA001C78B7 /* UINavigationBar+Helpers.swift */ = {isa = PBXFileReference; fileEncoding = 4; lastKnownFileType = sourcecode.swift; path = "UINavigationBar+Helpers.swift"; sourceTree = "<group>"; };
		CEA3E2FC1AFAE634008323A6 /* ImageViewController.swift */ = {isa = PBXFileReference; fileEncoding = 4; lastKnownFileType = sourcecode.swift; path = ImageViewController.swift; sourceTree = "<group>"; };
		CEA3E2FF1AFAE65B008323A6 /* GalleryController.swift */ = {isa = PBXFileReference; fileEncoding = 4; lastKnownFileType = sourcecode.swift; path = GalleryController.swift; sourceTree = "<group>"; };
		CEAC71BC1AF14856006DC831 /* LoadMoreHeader.swift */ = {isa = PBXFileReference; fileEncoding = 4; lastKnownFileType = sourcecode.swift; path = LoadMoreHeader.swift; sourceTree = "<group>"; };
		CEB866111AF01FC200BE850F /* WebViewController.swift */ = {isa = PBXFileReference; fileEncoding = 4; lastKnownFileType = sourcecode.swift; path = WebViewController.swift; sourceTree = "<group>"; };
		CEB866131AF05DDF00BE850F /* SubredditsPageViewController.swift */ = {isa = PBXFileReference; fileEncoding = 4; lastKnownFileType = sourcecode.swift; path = SubredditsPageViewController.swift; sourceTree = "<group>"; };
		CEC59EAB1AF1B0B600D0D62B /* AddCommentViewController.swift */ = {isa = PBXFileReference; fileEncoding = 4; lastKnownFileType = sourcecode.swift; path = AddCommentViewController.swift; sourceTree = "<group>"; };
		CEC59EAD1AF25AFF00D0D62B /* PurchaseViewController.swift */ = {isa = PBXFileReference; fileEncoding = 4; lastKnownFileType = sourcecode.swift; path = PurchaseViewController.swift; sourceTree = "<group>"; };
		CEC59EAF1AF2628800D0D62B /* EmailCell.swift */ = {isa = PBXFileReference; fileEncoding = 4; lastKnownFileType = sourcecode.swift; path = EmailCell.swift; sourceTree = "<group>"; };
		CEC59EB11AF2629100D0D62B /* PasswordCell.swift */ = {isa = PBXFileReference; fileEncoding = 4; lastKnownFileType = sourcecode.swift; path = PasswordCell.swift; sourceTree = "<group>"; };
		CEC5DE731AF2A66F002012DC /* GHContextMenuView.h */ = {isa = PBXFileReference; fileEncoding = 4; lastKnownFileType = sourcecode.c.h; path = GHContextMenuView.h; sourceTree = "<group>"; };
		CEC5DE741AF2A66F002012DC /* GHContextMenuView.m */ = {isa = PBXFileReference; fileEncoding = 4; lastKnownFileType = sourcecode.c.objc; path = GHContextMenuView.m; sourceTree = "<group>"; };
		CEF4E25F1AF2B508001CFB69 /* JZSwipeCell+Reset.swift */ = {isa = PBXFileReference; fileEncoding = 4; lastKnownFileType = sourcecode.swift; path = "JZSwipeCell+Reset.swift"; sourceTree = "<group>"; };
		CEF88E0C1AFCEE0B00AF8B87 /* UIimage+Helpers.swift */ = {isa = PBXFileReference; fileEncoding = 4; lastKnownFileType = sourcecode.swift; path = "UIimage+Helpers.swift"; sourceTree = "<group>"; };
		CEF88E0E1AFD036D00AF8B87 /* LinkShareOptionsViewController.swift */ = {isa = PBXFileReference; fileEncoding = 4; lastKnownFileType = sourcecode.swift; path = LinkShareOptionsViewController.swift; sourceTree = "<group>"; };
/* End PBXFileReference section */

/* Begin PBXFrameworksBuildPhase section */
		CE712ED81AC2F1A20042B071 /* Frameworks */ = {
			isa = PBXFrameworksBuildPhase;
			buildActionMask = 2147483647;
			files = (
				051E172AEF0DB37075537CBF /* libPods-MyReddit.a in Frameworks */,
				CE0862141AF27DD300F00AAB /* StoreKit.framework in Frameworks */,
			);
			runOnlyForDeploymentPostprocessing = 0;
		};
		CE712EEF1AC2F1A20042B071 /* Frameworks */ = {
			isa = PBXFrameworksBuildPhase;
			buildActionMask = 2147483647;
			files = (
			);
			runOnlyForDeploymentPostprocessing = 0;
		};
/* End PBXFrameworksBuildPhase section */

/* Begin PBXGroup section */
		56F9729499FEB82D9F376BF0 /* Frameworks */ = {
			isa = PBXGroup;
			children = (
				CE0862131AF27DD300F00AAB /* StoreKit.framework */,
				0018383D0F6A87E32BDC681A /* libPods-MyReddit.a */,
			);
			name = Frameworks;
			sourceTree = "<group>";
		};
		9A6694D0C6C71F06FFE52693 /* Pods */ = {
			isa = PBXGroup;
			children = (
				7047AFFBDD6CBEEDDCA19D07 /* Pods-MyReddit.debug.xcconfig */,
				15EC45AB568566F68E59569F /* Pods-MyReddit.release.xcconfig */,
			);
			name = Pods;
			sourceTree = "<group>";
		};
		CE10072E1AF2FDDE000ED144 /* Cells */ = {
			isa = PBXGroup;
			children = (
				CEAC71BC1AF14856006DC831 /* LoadMoreHeader.swift */,
				CE3588211AC346D800294684 /* SubredditCell.swift */,
				01F965521AC4F4B500DE0CD6 /* MessageCell.swift */,
				CE046ED01AC4247500DF59B4 /* PostCell.swift */,
				CE046EC81AC3521100DF59B4 /* PostImageCell.swift */,
				01332D871AC37F4B0054E05C /* TitleCell.swift */,
				CEC59EAF1AF2628800D0D62B /* EmailCell.swift */,
				CEC59EB11AF2629100D0D62B /* PasswordCell.swift */,
				015E0D5C1AEF2B4000299B29 /* CommentCell.swift */,
				CEF4E25F1AF2B508001CFB69 /* JZSwipeCell+Reset.swift */,
				0195D6BB1AF31C5B004FA3EC /* UserInfoCell.swift */,
				CE769F2A1AF6A17000031657 /* FrontCell.swift */,
				CE25FBD31AF9483D00A40C3B /* LinkCell.swift */,
				CE25FBD51AF9484400A40C3B /* PostTitleCell.swift */,
				CE25FBD71AF9484D00A40C3B /* PostSubredditCell.swift */,
				CE25FBD91AF9485900A40C3B /* PostTextCell.swift */,
				CE25FBDB1AF94D1900A40C3B /* PostTypeCell.swift */,
			);
			name = Cells;
			sourceTree = "<group>";
		};
		CE10072F1AF2FDE8000ED144 /* Subreddits */ = {
			isa = PBXGroup;
			children = (
				018E40211AC38A060055384D /* LinkViewController.swift */,
				CEB866131AF05DDF00BE850F /* SubredditsPageViewController.swift */,
				CE35881F1AC30DEE00294684 /* SubredditViewController.swift */,
				01D6646D1AC33C6600BE56EA /* SubredditsViewController.swift */,
				CE538FAB1AF3E850008050B6 /* SearchViewController.swift */,
				CE769F2E1AF6F19100031657 /* MultiRedditsViewController.swift */,
			);
			name = Subreddits;
			sourceTree = "<group>";
		};
		CE1007301AF2FDF6000ED144 /* Library */ = {
			isa = PBXGroup;
			children = (
				01F07F4B1AFC573500EBE0B8 /* OCExpandableButton.h */,
				01F07F4C1AFC573500EBE0B8 /* OCExpandableButton.m */,
				CE73F2431AFBD1B70094DCB8 /* SNTextView.h */,
				CE73F2441AFBD1B70094DCB8 /* SNTextView.m */,
				CE4B9E9A1AE1957200018742 /* UIImage+ImageEffects.h */,
				CE4B9E9B1AE1957200018742 /* UIImage+ImageEffects.m */,
				CEC5DE731AF2A66F002012DC /* GHContextMenuView.h */,
				CEC5DE741AF2A66F002012DC /* GHContextMenuView.m */,
			);
			name = Library;
			sourceTree = "<group>";
		};
		CE1007311AF2FE1A000ED144 /* Comments */ = {
			isa = PBXGroup;
			children = (
				015E0D5A1AEF27BB00299B29 /* CommentsViewController.swift */,
				CEC59EAB1AF1B0B600D0D62B /* AddCommentViewController.swift */,
			);
			name = Comments;
			sourceTree = "<group>";
		};
		CE538FA61AF3B011008050B6 /* User */ = {
			isa = PBXGroup;
			children = (
				01F9654C1AC4F12000DE0CD6 /* MessagesViewController.swift */,
				018E40231AC392700055384D /* LoginViewController.swift */,
				0195D6BD1AF31CE1004FA3EC /* ProfileViewController.swift */,
				CE538FA91AF3B02E008050B6 /* UserContentViewController.swift */,
				01E39F421AF5271200C544EA /* AccountsViewController.swift */,
				CE769F2C1AF6BCC300031657 /* InboxesTableViewController.swift */,
				CE25FB9F1AF8438600A40C3B /* ComposeTableViewController.swift */,
			);
			name = User;
			sourceTree = "<group>";
		};
		CE712ED21AC2F1A10042B071 = {
			isa = PBXGroup;
			children = (
				CE712EDD1AC2F1A20042B071 /* MyReddit */,
				CE712EF51AC2F1A20042B071 /* MyRedditTests */,
				CE712EDC1AC2F1A20042B071 /* Products */,
				9A6694D0C6C71F06FFE52693 /* Pods */,
				56F9729499FEB82D9F376BF0 /* Frameworks */,
			);
			sourceTree = "<group>";
		};
		CE712EDC1AC2F1A20042B071 /* Products */ = {
			isa = PBXGroup;
			children = (
				CE712EDB1AC2F1A20042B071 /* MyReddit.app */,
				CE712EF21AC2F1A20042B071 /* MyRedditTests.xctest */,
			);
			name = Products;
			sourceTree = "<group>";
		};
		CE712EDD1AC2F1A20042B071 /* MyReddit */ = {
			isa = PBXGroup;
			children = (
				CE538FA61AF3B011008050B6 /* User */,
				CE712EE01AC2F1A20042B071 /* AppDelegate.swift */,
				CE3588191AC305B200294684 /* MyReddit-Bridging-Header.h */,
				CE712EE61AC2F1A20042B071 /* Main.storyboard */,
				CE712EEB1AC2F1A20042B071 /* LaunchScreen.xib */,
				CE712EE91AC2F1A20042B071 /* Images.xcassets */,
				CE4B9E961AE1858C00018742 /* NavBarController.swift */,
				CE10072E1AF2FDDE000ED144 /* Cells */,
				CE10072F1AF2FDE8000ED144 /* Subreddits */,
				CE1007311AF2FE1A000ED144 /* Comments */,
				CEC59EAD1AF25AFF00D0D62B /* PurchaseViewController.swift */,
				CEF88E0E1AFD036D00AF8B87 /* LinkShareOptionsViewController.swift */,
				CEB866111AF01FC200BE850F /* WebViewController.swift */,
				CE769F261AF5A6CB00031657 /* SettingsTableViewController.swift */,
				CE25FBD11AF9411A00A40C3B /* PostTableViewController.swift */,
				CEA3E2FF1AFAE65B008323A6 /* GalleryController.swift */,
				CEA3E2FC1AFAE634008323A6 /* ImageViewController.swift */,
				CE712F171AC302EE0042B071 /* Data */,
				CE1007301AF2FDF6000ED144 /* Library */,
				CE712EDE1AC2F1A20042B071 /* Supporting Files */,
			);
			path = MyReddit;
			sourceTree = "<group>";
		};
		CE712EDE1AC2F1A20042B071 /* Supporting Files */ = {
			isa = PBXGroup;
			children = (
				CE712EDF1AC2F1A20042B071 /* Info.plist */,
			);
			name = "Supporting Files";
			sourceTree = "<group>";
		};
		CE712EF51AC2F1A20042B071 /* MyRedditTests */ = {
			isa = PBXGroup;
			children = (
				CE712EF81AC2F1A20042B071 /* MyRedditTests.swift */,
				CE712EF61AC2F1A20042B071 /* Supporting Files */,
			);
			path = MyRedditTests;
			sourceTree = "<group>";
		};
		CE712EF61AC2F1A20042B071 /* Supporting Files */ = {
			isa = PBXGroup;
			children = (
				CE712EF71AC2F1A20042B071 /* Info.plist */,
			);
			name = "Supporting Files";
			sourceTree = "<group>";
		};
		CE712F171AC302EE0042B071 /* Data */ = {
			isa = PBXGroup;
			children = (
				CE769F281AF5A8BA00031657 /* SettingsManager.swift */,
				01E39F441AF52E9900C544EA /* User.swift */,
				01F965541AC4FB4E00DE0CD6 /* Message.swift */,
				CE35881D1AC305E700294684 /* RedditSession.swift */,
				CE712F061AC2F7200042B071 /* MyReddit.xcdatamodeld */,
				CE41E5DB1AC70BDB00D963BE /* Link.swift */,
				CE3588231AC34C2200294684 /* Link+Helpers.swift */,
				CE046ECC1AC3587900DF59B4 /* Subreddit.swift */,
				CE712F261AC304610042B071 /* Comment.swift */,
				CE712F221AC303A60042B071 /* MultiReddit.swift */,
				CE712F1E1AC303A50042B071 /* Media.swift */,
				018E40271AC39C1C0055384D /* User+Helpers.swift */,
				CE712F021AC2F7090042B071 /* DataManager.swift */,
				CE712F031AC2F7090042B071 /* Datastore.swift */,
				01D664691AC337BC00BE56EA /* Subreddit+Helper.swift */,
				018E40251AC395D30055384D /* UserSession.swift */,
				CE046ECE1AC421EF00DF59B4 /* Int+Helpers.swift */,
				CE046ED21AC4336500DF59B4 /* String+Helpers.swift */,
				01F965561AC4FB9200DE0CD6 /* Message+Helpers.swift */,
				CE538FAD1AF3F19B008050B6 /* RKClient+Search.swift */,
				CE25FBCF1AF93E0600A40C3B /* RKLink+Helpers.swift */,
				CE73F2461AFBDC170094DCB8 /* UILabel+Helpers.swift */,
				01D664711AC33D9100BE56EA /* UIImageView+Helpers.swift */,
				CE25FBDD1AF9667000A40C3B /* UITableViewCell+Helpers.swift */,
				CE8F25E21AFAB8EA001C78B7 /* UINavigationBar+Helpers.swift */,
				CE769F301AF6F64800031657 /* UIAlertController+Helpers.swift */,
				CEF88E0C1AFCEE0B00AF8B87 /* UIimage+Helpers.swift */,
			);
			name = Data;
			sourceTree = "<group>";
		};
/* End PBXGroup section */

/* Begin PBXNativeTarget section */
		CE712EDA1AC2F1A20042B071 /* MyReddit */ = {
			isa = PBXNativeTarget;
			buildConfigurationList = CE712EFC1AC2F1A20042B071 /* Build configuration list for PBXNativeTarget "MyReddit" */;
			buildPhases = (
				9CAC9D4526B3F8D91D4AEE33 /* Check Pods Manifest.lock */,
				CE712ED71AC2F1A20042B071 /* Sources */,
				CE712ED81AC2F1A20042B071 /* Frameworks */,
				CE712ED91AC2F1A20042B071 /* Resources */,
				7EF8D3B4BEDDC1076ECC5F76 /* Copy Pods Resources */,
			);
			buildRules = (
			);
			dependencies = (
			);
			name = MyReddit;
			productName = MyReddit;
			productReference = CE712EDB1AC2F1A20042B071 /* MyReddit.app */;
			productType = "com.apple.product-type.application";
		};
		CE712EF11AC2F1A20042B071 /* MyRedditTests */ = {
			isa = PBXNativeTarget;
			buildConfigurationList = CE712EFF1AC2F1A20042B071 /* Build configuration list for PBXNativeTarget "MyRedditTests" */;
			buildPhases = (
				CE712EEE1AC2F1A20042B071 /* Sources */,
				CE712EEF1AC2F1A20042B071 /* Frameworks */,
				CE712EF01AC2F1A20042B071 /* Resources */,
			);
			buildRules = (
			);
			dependencies = (
				CE712EF41AC2F1A20042B071 /* PBXTargetDependency */,
			);
			name = MyRedditTests;
			productName = MyRedditTests;
			productReference = CE712EF21AC2F1A20042B071 /* MyRedditTests.xctest */;
			productType = "com.apple.product-type.bundle.unit-test";
		};
/* End PBXNativeTarget section */

/* Begin PBXProject section */
		CE712ED31AC2F1A10042B071 /* Project object */ = {
			isa = PBXProject;
			attributes = {
				LastUpgradeCheck = 0620;
				ORGANIZATIONNAME = "Nytek Production";
				TargetAttributes = {
					CE712EDA1AC2F1A20042B071 = {
						CreatedOnToolsVersion = 6.2;
						DevelopmentTeam = 6Q4UNB2LAJ;
						SystemCapabilities = {
							com.apple.InAppPurchase = {
								enabled = 1;
							};
							com.apple.OMC = {
								enabled = 0;
							};
						};
					};
					CE712EF11AC2F1A20042B071 = {
						CreatedOnToolsVersion = 6.2;
						TestTargetID = CE712EDA1AC2F1A20042B071;
					};
				};
			};
			buildConfigurationList = CE712ED61AC2F1A10042B071 /* Build configuration list for PBXProject "MyReddit" */;
			compatibilityVersion = "Xcode 3.2";
			developmentRegion = English;
			hasScannedForEncodings = 0;
			knownRegions = (
				en,
				Base,
			);
			mainGroup = CE712ED21AC2F1A10042B071;
			productRefGroup = CE712EDC1AC2F1A20042B071 /* Products */;
			projectDirPath = "";
			projectRoot = "";
			targets = (
				CE712EDA1AC2F1A20042B071 /* MyReddit */,
				CE712EF11AC2F1A20042B071 /* MyRedditTests */,
			);
		};
/* End PBXProject section */

/* Begin PBXResourcesBuildPhase section */
		CE712ED91AC2F1A20042B071 /* Resources */ = {
			isa = PBXResourcesBuildPhase;
			buildActionMask = 2147483647;
			files = (
				CE712EE81AC2F1A20042B071 /* Main.storyboard in Resources */,
				CE712EED1AC2F1A20042B071 /* LaunchScreen.xib in Resources */,
				CE712EEA1AC2F1A20042B071 /* Images.xcassets in Resources */,
			);
			runOnlyForDeploymentPostprocessing = 0;
		};
		CE712EF01AC2F1A20042B071 /* Resources */ = {
			isa = PBXResourcesBuildPhase;
			buildActionMask = 2147483647;
			files = (
			);
			runOnlyForDeploymentPostprocessing = 0;
		};
/* End PBXResourcesBuildPhase section */

/* Begin PBXShellScriptBuildPhase section */
		7EF8D3B4BEDDC1076ECC5F76 /* Copy Pods Resources */ = {
			isa = PBXShellScriptBuildPhase;
			buildActionMask = 2147483647;
			files = (
			);
			inputPaths = (
			);
			name = "Copy Pods Resources";
			outputPaths = (
			);
			runOnlyForDeploymentPostprocessing = 0;
			shellPath = /bin/sh;
			shellScript = "\"${SRCROOT}/Pods/Target Support Files/Pods-MyReddit/Pods-MyReddit-resources.sh\"\n";
			showEnvVarsInLog = 0;
		};
		9CAC9D4526B3F8D91D4AEE33 /* Check Pods Manifest.lock */ = {
			isa = PBXShellScriptBuildPhase;
			buildActionMask = 2147483647;
			files = (
			);
			inputPaths = (
			);
			name = "Check Pods Manifest.lock";
			outputPaths = (
			);
			runOnlyForDeploymentPostprocessing = 0;
			shellPath = /bin/sh;
			shellScript = "diff \"${PODS_ROOT}/../Podfile.lock\" \"${PODS_ROOT}/Manifest.lock\" > /dev/null\nif [[ $? != 0 ]] ; then\n    cat << EOM\nerror: The sandbox is not in sync with the Podfile.lock. Run 'pod install' or update your CocoaPods installation.\nEOM\n    exit 1\nfi\n";
			showEnvVarsInLog = 0;
		};
/* End PBXShellScriptBuildPhase section */

/* Begin PBXSourcesBuildPhase section */
		CE712ED71AC2F1A20042B071 /* Sources */ = {
			isa = PBXSourcesBuildPhase;
			buildActionMask = 2147483647;
			files = (
				CE4B9E9C1AE1957200018742 /* UIImage+ImageEffects.m in Sources */,
				CE4B9E971AE1858C00018742 /* NavBarController.swift in Sources */,
				015E0D5B1AEF27BB00299B29 /* CommentsViewController.swift in Sources */,
				CE046ED31AC4336500DF59B4 /* String+Helpers.swift in Sources */,
				CEF4E2601AF2B508001CFB69 /* JZSwipeCell+Reset.swift in Sources */,
				018E40241AC392700055384D /* LoginViewController.swift in Sources */,
				CE769F311AF6F64800031657 /* UIAlertController+Helpers.swift in Sources */,
				CE712EE11AC2F1A20042B071 /* AppDelegate.swift in Sources */,
				CE712F041AC2F7090042B071 /* DataManager.swift in Sources */,
				01F965551AC4FB4E00DE0CD6 /* Message.swift in Sources */,
				CE712F051AC2F7090042B071 /* Datastore.swift in Sources */,
				015E0D5D1AEF2B4000299B29 /* CommentCell.swift in Sources */,
				CE3588221AC346D800294684 /* SubredditCell.swift in Sources */,
				CE046ECF1AC421EF00DF59B4 /* Int+Helpers.swift in Sources */,
				01D664721AC33D9100BE56EA /* UIImageView+Helpers.swift in Sources */,
				CEAC71BD1AF14856006DC831 /* LoadMoreHeader.swift in Sources */,
				CE41E5DC1AC70BDB00D963BE /* Link.swift in Sources */,
				CEA3E2FE1AFAE635008323A6 /* ImageViewController.swift in Sources */,
				CE712F231AC303A60042B071 /* MultiReddit.swift in Sources */,
				CE046EC91AC3521100DF59B4 /* PostImageCell.swift in Sources */,
				CE712F1F1AC303A50042B071 /* Media.swift in Sources */,
				CEC59EB01AF2628800D0D62B /* EmailCell.swift in Sources */,
				0195D6BC1AF31C5B004FA3EC /* UserInfoCell.swift in Sources */,
				01F07F4D1AFC573500EBE0B8 /* OCExpandableButton.m in Sources */,
				CE3588241AC34C2200294684 /* Link+Helpers.swift in Sources */,
				CE25FBDE1AF9667000A40C3B /* UITableViewCell+Helpers.swift in Sources */,
				CEB866121AF01FC200BE850F /* WebViewController.swift in Sources */,
				CE25FBA01AF8438600A40C3B /* ComposeTableViewController.swift in Sources */,
				01F9654D1AC4F12000DE0CD6 /* MessagesViewController.swift in Sources */,
				CE712F081AC2F7200042B071 /* MyReddit.xcdatamodeld in Sources */,
				018E40281AC39C1C0055384D /* User+Helpers.swift in Sources */,
				CEA3E3001AFAE65B008323A6 /* GalleryController.swift in Sources */,
				CE769F291AF5A8BA00031657 /* SettingsManager.swift in Sources */,
				CE712F271AC304610042B071 /* Comment.swift in Sources */,
				CE73F2471AFBDC170094DCB8 /* UILabel+Helpers.swift in Sources */,
				CE3588201AC30DEE00294684 /* SubredditViewController.swift in Sources */,
				CEF88E0F1AFD036D00AF8B87 /* LinkShareOptionsViewController.swift in Sources */,
				01F965531AC4F4B500DE0CD6 /* MessageCell.swift in Sources */,
				CE25FBD01AF93E0600A40C3B /* RKLink+Helpers.swift in Sources */,
				CE538FAE1AF3F19B008050B6 /* RKClient+Search.swift in Sources */,
				CE25FBD61AF9484400A40C3B /* PostTitleCell.swift in Sources */,
				018E40221AC38A060055384D /* LinkViewController.swift in Sources */,
				CE25FBD21AF9411A00A40C3B /* PostTableViewController.swift in Sources */,
				CE25FBD81AF9484D00A40C3B /* PostSubredditCell.swift in Sources */,
				CE769F2F1AF6F19100031657 /* MultiRedditsViewController.swift in Sources */,
				CE35881E1AC305E700294684 /* RedditSession.swift in Sources */,
				CE769F2D1AF6BCC300031657 /* InboxesTableViewController.swift in Sources */,
				CE8F25E31AFAB8EA001C78B7 /* UINavigationBar+Helpers.swift in Sources */,
				01F965571AC4FB9200DE0CD6 /* Message+Helpers.swift in Sources */,
				01D6646A1AC337BC00BE56EA /* Subreddit+Helper.swift in Sources */,
				01D6646E1AC33C6600BE56EA /* SubredditsViewController.swift in Sources */,
				CEB866141AF05DDF00BE850F /* SubredditsPageViewController.swift in Sources */,
				CE769F271AF5A6CB00031657 /* SettingsTableViewController.swift in Sources */,
				CE25FBDA1AF9485900A40C3B /* PostTextCell.swift in Sources */,
				CE538FAC1AF3E850008050B6 /* SearchViewController.swift in Sources */,
				CE73F2451AFBD1B70094DCB8 /* SNTextView.m in Sources */,
				CEC59EAC1AF1B0B600D0D62B /* AddCommentViewController.swift in Sources */,
				CE046ED11AC4247500DF59B4 /* PostCell.swift in Sources */,
				018E40261AC395D30055384D /* UserSession.swift in Sources */,
				CE25FBDC1AF94D1900A40C3B /* PostTypeCell.swift in Sources */,
				01E39F431AF5271200C544EA /* AccountsViewController.swift in Sources */,
				01E39F451AF52E9900C544EA /* User.swift in Sources */,
				CEC5DE751AF2A66F002012DC /* GHContextMenuView.m in Sources */,
				CEC59EAE1AF25AFF00D0D62B /* PurchaseViewController.swift in Sources */,
				CE046ECD1AC3587900DF59B4 /* Subreddit.swift in Sources */,
				CEC59EB21AF2629100D0D62B /* PasswordCell.swift in Sources */,
				CEF88E0D1AFCEE0B00AF8B87 /* UIimage+Helpers.swift in Sources */,
				0195D6BE1AF31CE1004FA3EC /* ProfileViewController.swift in Sources */,
				CE25FBD41AF9483D00A40C3B /* LinkCell.swift in Sources */,
				CE538FAA1AF3B02E008050B6 /* UserContentViewController.swift in Sources */,
				01332D881AC37F4B0054E05C /* TitleCell.swift in Sources */,
				CE769F2B1AF6A17000031657 /* FrontCell.swift in Sources */,
			);
			runOnlyForDeploymentPostprocessing = 0;
		};
		CE712EEE1AC2F1A20042B071 /* Sources */ = {
			isa = PBXSourcesBuildPhase;
			buildActionMask = 2147483647;
			files = (
				CE712EF91AC2F1A20042B071 /* MyRedditTests.swift in Sources */,
			);
			runOnlyForDeploymentPostprocessing = 0;
		};
/* End PBXSourcesBuildPhase section */

/* Begin PBXTargetDependency section */
		CE712EF41AC2F1A20042B071 /* PBXTargetDependency */ = {
			isa = PBXTargetDependency;
			target = CE712EDA1AC2F1A20042B071 /* MyReddit */;
			targetProxy = CE712EF31AC2F1A20042B071 /* PBXContainerItemProxy */;
		};
/* End PBXTargetDependency section */

/* Begin PBXVariantGroup section */
		CE712EE61AC2F1A20042B071 /* Main.storyboard */ = {
			isa = PBXVariantGroup;
			children = (
				CE712EE71AC2F1A20042B071 /* Base */,
			);
			name = Main.storyboard;
			sourceTree = "<group>";
		};
		CE712EEB1AC2F1A20042B071 /* LaunchScreen.xib */ = {
			isa = PBXVariantGroup;
			children = (
				CE712EEC1AC2F1A20042B071 /* Base */,
			);
			name = LaunchScreen.xib;
			sourceTree = "<group>";
		};
/* End PBXVariantGroup section */

/* Begin XCBuildConfiguration section */
		CE712EFA1AC2F1A20042B071 /* Debug */ = {
			isa = XCBuildConfiguration;
			buildSettings = {
				ALWAYS_SEARCH_USER_PATHS = NO;
				CLANG_CXX_LANGUAGE_STANDARD = "gnu++0x";
				CLANG_CXX_LIBRARY = "libc++";
				CLANG_ENABLE_MODULES = YES;
				CLANG_ENABLE_OBJC_ARC = YES;
				CLANG_WARN_BOOL_CONVERSION = YES;
				CLANG_WARN_CONSTANT_CONVERSION = YES;
				CLANG_WARN_DIRECT_OBJC_ISA_USAGE = YES_ERROR;
				CLANG_WARN_EMPTY_BODY = YES;
				CLANG_WARN_ENUM_CONVERSION = YES;
				CLANG_WARN_INT_CONVERSION = YES;
				CLANG_WARN_OBJC_ROOT_CLASS = YES_ERROR;
				CLANG_WARN_UNREACHABLE_CODE = YES;
				CLANG_WARN__DUPLICATE_METHOD_MATCH = YES;
				"CODE_SIGN_IDENTITY[sdk=iphoneos*]" = "iPhone Developer";
				COPY_PHASE_STRIP = NO;
				ENABLE_STRICT_OBJC_MSGSEND = YES;
				GCC_C_LANGUAGE_STANDARD = gnu99;
				GCC_DYNAMIC_NO_PIC = NO;
				GCC_OPTIMIZATION_LEVEL = 0;
				GCC_PREPROCESSOR_DEFINITIONS = (
					"DEBUG=1",
					"$(inherited)",
				);
				GCC_SYMBOLS_PRIVATE_EXTERN = NO;
				GCC_WARN_64_TO_32_BIT_CONVERSION = YES;
				GCC_WARN_ABOUT_RETURN_TYPE = YES_ERROR;
				GCC_WARN_UNDECLARED_SELECTOR = YES;
				GCC_WARN_UNINITIALIZED_AUTOS = YES_AGGRESSIVE;
				GCC_WARN_UNUSED_FUNCTION = YES;
				GCC_WARN_UNUSED_VARIABLE = YES;
				IPHONEOS_DEPLOYMENT_TARGET = 8.2;
				MTL_ENABLE_DEBUG_INFO = YES;
				ONLY_ACTIVE_ARCH = YES;
				SDKROOT = iphoneos;
				SWIFT_OPTIMIZATION_LEVEL = "-Onone";
				TARGETED_DEVICE_FAMILY = "1,2";
			};
			name = Debug;
		};
		CE712EFB1AC2F1A20042B071 /* Release */ = {
			isa = XCBuildConfiguration;
			buildSettings = {
				ALWAYS_SEARCH_USER_PATHS = NO;
				CLANG_CXX_LANGUAGE_STANDARD = "gnu++0x";
				CLANG_CXX_LIBRARY = "libc++";
				CLANG_ENABLE_MODULES = YES;
				CLANG_ENABLE_OBJC_ARC = YES;
				CLANG_WARN_BOOL_CONVERSION = YES;
				CLANG_WARN_CONSTANT_CONVERSION = YES;
				CLANG_WARN_DIRECT_OBJC_ISA_USAGE = YES_ERROR;
				CLANG_WARN_EMPTY_BODY = YES;
				CLANG_WARN_ENUM_CONVERSION = YES;
				CLANG_WARN_INT_CONVERSION = YES;
				CLANG_WARN_OBJC_ROOT_CLASS = YES_ERROR;
				CLANG_WARN_UNREACHABLE_CODE = YES;
				CLANG_WARN__DUPLICATE_METHOD_MATCH = YES;
				"CODE_SIGN_IDENTITY[sdk=iphoneos*]" = "iPhone Developer";
				COPY_PHASE_STRIP = NO;
				ENABLE_NS_ASSERTIONS = NO;
				ENABLE_STRICT_OBJC_MSGSEND = YES;
				GCC_C_LANGUAGE_STANDARD = gnu99;
				GCC_WARN_64_TO_32_BIT_CONVERSION = YES;
				GCC_WARN_ABOUT_RETURN_TYPE = YES_ERROR;
				GCC_WARN_UNDECLARED_SELECTOR = YES;
				GCC_WARN_UNINITIALIZED_AUTOS = YES_AGGRESSIVE;
				GCC_WARN_UNUSED_FUNCTION = YES;
				GCC_WARN_UNUSED_VARIABLE = YES;
				IPHONEOS_DEPLOYMENT_TARGET = 8.2;
				MTL_ENABLE_DEBUG_INFO = NO;
				SDKROOT = iphoneos;
				TARGETED_DEVICE_FAMILY = "1,2";
				VALIDATE_PRODUCT = YES;
			};
			name = Release;
		};
		CE712EFD1AC2F1A20042B071 /* Debug */ = {
			isa = XCBuildConfiguration;
			baseConfigurationReference = 7047AFFBDD6CBEEDDCA19D07 /* Pods-MyReddit.debug.xcconfig */;
			buildSettings = {
				ASSETCATALOG_COMPILER_APPICON_NAME = AppIcon;
				ASSETCATALOG_COMPILER_LAUNCHIMAGE_NAME = LaunchImage;
				CLANG_ENABLE_MODULES = YES;
				CODE_SIGN_IDENTITY = "iPhone Developer";
				"CODE_SIGN_IDENTITY[sdk=iphoneos*]" = "iPhone Developer";
				INFOPLIST_FILE = MyReddit/Info.plist;
				IPHONEOS_DEPLOYMENT_TARGET = 8.0;
				LD_RUNPATH_SEARCH_PATHS = "$(inherited) @executable_path/Frameworks";
				PRODUCT_NAME = "$(TARGET_NAME)";
				PROVISIONING_PROFILE = "";
				SWIFT_OBJC_BRIDGING_HEADER = "MyReddit/MyReddit-Bridging-Header.h";
				SWIFT_OPTIMIZATION_LEVEL = "-Onone";
				TARGETED_DEVICE_FAMILY = 1;
			};
			name = Debug;
		};
		CE712EFE1AC2F1A20042B071 /* Release */ = {
			isa = XCBuildConfiguration;
			baseConfigurationReference = 15EC45AB568566F68E59569F /* Pods-MyReddit.release.xcconfig */;
			buildSettings = {
				ASSETCATALOG_COMPILER_APPICON_NAME = AppIcon;
				ASSETCATALOG_COMPILER_LAUNCHIMAGE_NAME = LaunchImage;
				CLANG_ENABLE_MODULES = YES;
				CODE_SIGN_IDENTITY = "iPhone Developer";
				"CODE_SIGN_IDENTITY[sdk=iphoneos*]" = "iPhone Developer";
				INFOPLIST_FILE = MyReddit/Info.plist;
				IPHONEOS_DEPLOYMENT_TARGET = 8.0;
				LD_RUNPATH_SEARCH_PATHS = "$(inherited) @executable_path/Frameworks";
				PRODUCT_NAME = "$(TARGET_NAME)";
				PROVISIONING_PROFILE = "";
				SWIFT_OBJC_BRIDGING_HEADER = "MyReddit/MyReddit-Bridging-Header.h";
				SWIFT_OPTIMIZATION_LEVEL = "-Onone";
				TARGETED_DEVICE_FAMILY = 1;
			};
			name = Release;
		};
		CE712F001AC2F1A20042B071 /* Debug */ = {
			isa = XCBuildConfiguration;
			buildSettings = {
				BUNDLE_LOADER = "$(TEST_HOST)";
				FRAMEWORK_SEARCH_PATHS = (
					"$(SDKROOT)/Developer/Library/Frameworks",
					"$(inherited)",
				);
				GCC_PREPROCESSOR_DEFINITIONS = (
					"DEBUG=1",
					"$(inherited)",
				);
				INFOPLIST_FILE = MyRedditTests/Info.plist;
				LD_RUNPATH_SEARCH_PATHS = "$(inherited) @executable_path/Frameworks @loader_path/Frameworks";
				PRODUCT_NAME = "$(TARGET_NAME)";
				TEST_HOST = "$(BUILT_PRODUCTS_DIR)/MyReddit.app/MyReddit";
			};
			name = Debug;
		};
		CE712F011AC2F1A20042B071 /* Release */ = {
			isa = XCBuildConfiguration;
			buildSettings = {
				BUNDLE_LOADER = "$(TEST_HOST)";
				FRAMEWORK_SEARCH_PATHS = (
					"$(SDKROOT)/Developer/Library/Frameworks",
					"$(inherited)",
				);
				INFOPLIST_FILE = MyRedditTests/Info.plist;
				LD_RUNPATH_SEARCH_PATHS = "$(inherited) @executable_path/Frameworks @loader_path/Frameworks";
				PRODUCT_NAME = "$(TARGET_NAME)";
				TEST_HOST = "$(BUILT_PRODUCTS_DIR)/MyReddit.app/MyReddit";
			};
			name = Release;
		};
/* End XCBuildConfiguration section */

/* Begin XCConfigurationList section */
		CE712ED61AC2F1A10042B071 /* Build configuration list for PBXProject "MyReddit" */ = {
			isa = XCConfigurationList;
			buildConfigurations = (
				CE712EFA1AC2F1A20042B071 /* Debug */,
				CE712EFB1AC2F1A20042B071 /* Release */,
			);
			defaultConfigurationIsVisible = 0;
			defaultConfigurationName = Release;
		};
		CE712EFC1AC2F1A20042B071 /* Build configuration list for PBXNativeTarget "MyReddit" */ = {
			isa = XCConfigurationList;
			buildConfigurations = (
				CE712EFD1AC2F1A20042B071 /* Debug */,
				CE712EFE1AC2F1A20042B071 /* Release */,
			);
			defaultConfigurationIsVisible = 0;
			defaultConfigurationName = Release;
		};
		CE712EFF1AC2F1A20042B071 /* Build configuration list for PBXNativeTarget "MyRedditTests" */ = {
			isa = XCConfigurationList;
			buildConfigurations = (
				CE712F001AC2F1A20042B071 /* Debug */,
				CE712F011AC2F1A20042B071 /* Release */,
			);
			defaultConfigurationIsVisible = 0;
			defaultConfigurationName = Release;
		};
/* End XCConfigurationList section */

/* Begin XCVersionGroup section */
		CE712F061AC2F7200042B071 /* MyReddit.xcdatamodeld */ = {
			isa = XCVersionGroup;
			children = (
				CE712F071AC2F7200042B071 /* MyReddit.xcdatamodel */,
			);
			currentVersion = CE712F071AC2F7200042B071 /* MyReddit.xcdatamodel */;
			path = MyReddit.xcdatamodeld;
			sourceTree = "<group>";
			versionGroupType = wrapper.xcdatamodel;
		};
/* End XCVersionGroup section */
	};
	rootObject = CE712ED31AC2F1A10042B071 /* Project object */;
}
